{
  "name": "template-phaser3-esbuild-jsdoc",
  "version": "1.0.0",
  "lockfileVersion": 2,
  "requires": true,
  "packages": {
    "": {
      "name": "template-phaser3-esbuild-jsdoc",
      "version": "1.0.0",
      "license": "ISC",
      "dependencies": {
        "esbuild": "^0.14.14",
        "phaser": "^3.55.2",
        "phaser3-rex-plugins": "^1.1.68"
      },
      "devDependencies": {
        "esbuild-dev-server": "^0.3.0"
      }
    },
    "node_modules/argparse": {
      "version": "2.0.1",
      "resolved": "https://registry.npmjs.org/argparse/-/argparse-2.0.1.tgz",
      "integrity": "sha512-8+9WqebbFzpX9OR+Wa6O29asIogeRMzcGtAINdpMHHyAg10f05aSFVBbcEqGf/PXw1EjAZ+q2/bEBg3DvurK3Q=="
    },
    "node_modules/esbuild": {
      "version": "0.14.14",
      "resolved": "https://registry.npmjs.org/esbuild/-/esbuild-0.14.14.tgz",
      "integrity": "sha512-aiK4ddv+uui0k52OqSHu4xxu+SzOim7Rlz4i25pMEiC8rlnGU0HJ9r+ZMfdWL5bzifg+nhnn7x4NSWTeehYblg==",
      "hasInstallScript": true,
      "bin": {
        "esbuild": "bin/esbuild"
      },
      "optionalDependencies": {
        "esbuild-android-arm64": "0.14.14",
        "esbuild-darwin-64": "0.14.14",
        "esbuild-darwin-arm64": "0.14.14",
        "esbuild-freebsd-64": "0.14.14",
        "esbuild-freebsd-arm64": "0.14.14",
        "esbuild-linux-32": "0.14.14",
        "esbuild-linux-64": "0.14.14",
        "esbuild-linux-arm": "0.14.14",
        "esbuild-linux-arm64": "0.14.14",
        "esbuild-linux-mips64le": "0.14.14",
        "esbuild-linux-ppc64le": "0.14.14",
        "esbuild-linux-s390x": "0.14.14",
        "esbuild-netbsd-64": "0.14.14",
        "esbuild-openbsd-64": "0.14.14",
        "esbuild-sunos-64": "0.14.14",
        "esbuild-windows-32": "0.14.14",
        "esbuild-windows-64": "0.14.14",
        "esbuild-windows-arm64": "0.14.14"
      }
    },
    "node_modules/esbuild-android-arm64": {
      "version": "0.14.14",
      "resolved": "https://registry.npmjs.org/esbuild-android-arm64/-/esbuild-android-arm64-0.14.14.tgz",
      "integrity": "sha512-be/Uw6DdpQiPfula1J4bdmA+wtZ6T3BRCZsDMFB5X+k0Gp8TIh9UvmAcqvKNnbRAafSaXG3jPCeXxDKqnc8hFQ==",
      "cpu": [
        "arm64"
      ],
      "optional": true,
      "os": [
        "android"
      ]
    },
    "node_modules/esbuild-darwin-64": {
      "version": "0.14.14",
      "resolved": "https://registry.npmjs.org/esbuild-darwin-64/-/esbuild-darwin-64-0.14.14.tgz",
      "integrity": "sha512-BEexYmjWafcISK8cT6O98E3TfcLuZL8DKuubry6G54n2+bD4GkoRD6HYUOnCkfl2p7jodA+s4369IjSFSWjtHg==",
      "cpu": [
        "x64"
      ],
      "optional": true,
      "os": [
        "darwin"
      ]
    },
    "node_modules/esbuild-darwin-arm64": {
      "version": "0.14.14",
      "resolved": "https://registry.npmjs.org/esbuild-darwin-arm64/-/esbuild-darwin-arm64-0.14.14.tgz",
      "integrity": "sha512-tnBKm41pDOB1GtZ8q/w26gZlLLRzVmP8fdsduYjvM+yFD7E2DLG4KbPAqFMWm4Md9B+DitBglP57FY7AznxbTg==",
      "cpu": [
        "arm64"
      ],
      "optional": true,
      "os": [
        "darwin"
      ]
    },
    "node_modules/esbuild-dev-server": {
      "version": "0.3.0",
      "resolved": "https://registry.npmjs.org/esbuild-dev-server/-/esbuild-dev-server-0.3.0.tgz",
      "integrity": "sha512-2oYnryt+Yoqx6iADcuJ5/tC3/xptZf+x5sCus86VkUrjq0gny9nx7oL/eUkopxNIjygIm2SYGysQOdyAx3I7qQ==",
      "dev": true,
      "optionalDependencies": {
        "esbuild-dev-server-darwin-arm64": "0.3.0",
        "esbuild-dev-server-darwin-x64": "0.3.0",
        "esbuild-dev-server-linux-arm": "0.3.0",
        "esbuild-dev-server-linux-arm64": "0.3.0",
        "esbuild-dev-server-linux-x32": "0.3.0",
        "esbuild-dev-server-linux-x64": "0.3.0",
        "esbuild-dev-server-win32-arm64": "0.3.0",
        "esbuild-dev-server-win32-x32": "0.3.0",
        "esbuild-dev-server-win32-x64": "0.3.0"
      }
    },
    "node_modules/esbuild-dev-server-darwin-arm64": {
      "version": "0.3.0",
      "resolved": "https://registry.npmjs.org/esbuild-dev-server-darwin-arm64/-/esbuild-dev-server-darwin-arm64-0.3.0.tgz",
      "integrity": "sha512-HvKg1JfBhooY/pR60LaXkV2b1Pf2sWjjVn8lLCzxOMPh/DT28y3m/CmktT8Xdi7AUsvdh+7IGTzQwR/jZ1bYNw==",
      "cpu": [
        "arm64"
      ],
      "dev": true,
      "optional": true,
      "os": [
        "darwin"
      ]
    },
    "node_modules/esbuild-dev-server-darwin-x64": {
      "version": "0.3.0",
      "resolved": "https://registry.npmjs.org/esbuild-dev-server-darwin-x64/-/esbuild-dev-server-darwin-x64-0.3.0.tgz",
      "integrity": "sha512-QKph7OPuZZyyEK7Ehvvdqik2jm8iipBGTOjNsA3RgA6r6tQbqChA0ICkKQlLG6U2IUMj/eqc6ZGk/fdDJgckPw==",
      "cpu": [
        "x64"
      ],
      "dev": true,
      "optional": true,
      "os": [
        "darwin"
      ]
    },
    "node_modules/esbuild-dev-server-linux-arm": {
      "version": "0.3.0",
      "resolved": "https://registry.npmjs.org/esbuild-dev-server-linux-arm/-/esbuild-dev-server-linux-arm-0.3.0.tgz",
      "integrity": "sha512-OdtPE5SkukZ1DYvA2l/ZjPY79Qj4Wjk93EO5aYWQRcZoeQgt//Nrll3hV144ObP32s4it/dGVkE3yiyaxeJ8gg==",
      "cpu": [
        "arm"
      ],
      "dev": true,
      "optional": true,
      "os": [
        "linux"
      ]
    },
    "node_modules/esbuild-dev-server-linux-arm64": {
      "version": "0.3.0",
      "resolved": "https://registry.npmjs.org/esbuild-dev-server-linux-arm64/-/esbuild-dev-server-linux-arm64-0.3.0.tgz",
      "integrity": "sha512-4sZG6oDyLaS/Jo2Kdsh/Z7OPsmvxXgFu1umaJOyCkJ27WAY+l7LBbPiDRIV1ANIEce/puQ9nU3qTCWRYoSQiWA==",
      "cpu": [
        "arm64"
      ],
      "dev": true,
      "optional": true,
      "os": [
        "linux"
      ]
    },
    "node_modules/esbuild-dev-server-linux-x32": {
      "version": "0.3.0",
      "resolved": "https://registry.npmjs.org/esbuild-dev-server-linux-x32/-/esbuild-dev-server-linux-x32-0.3.0.tgz",
      "integrity": "sha512-zvIKHcEpNs8G2F1HPkB13e9B0aE1ccY5KU4jCbBTKrZCvp1k4cgjuQI6E9wQUdmS5KFq5dvOteidqF9agddZFg==",
      "cpu": [
        "x32"
      ],
      "dev": true,
      "optional": true,
      "os": [
        "linux"
      ]
    },
    "node_modules/esbuild-dev-server-linux-x64": {
      "version": "0.3.0",
      "resolved": "https://registry.npmjs.org/esbuild-dev-server-linux-x64/-/esbuild-dev-server-linux-x64-0.3.0.tgz",
      "integrity": "sha512-aweybli47+13S8Y1KdAHkkHCbEr4EDKzGCuAHlU1BAeeCaarBjPnldvKPUuHRKzUTYTnAXXnbni9OFJCh0C9OA==",
      "cpu": [
        "x64"
      ],
      "dev": true,
      "optional": true,
      "os": [
        "linux"
      ]
    },
    "node_modules/esbuild-dev-server-win32-arm64": {
      "version": "0.3.0",
      "resolved": "https://registry.npmjs.org/esbuild-dev-server-win32-arm64/-/esbuild-dev-server-win32-arm64-0.3.0.tgz",
      "integrity": "sha512-BVcg9b1lXIJg7uftFJWfX2r93RYZndK6AqsMurjoc+l7QU4B0Cc+X9Z2xxMYyDlWH95YF+CckE8Hu5mXlbV7Rw==",
      "cpu": [
        "arm64"
      ],
      "dev": true,
      "optional": true,
      "os": [
        "win32"
      ]
    },
    "node_modules/esbuild-dev-server-win32-x32": {
      "version": "0.3.0",
      "resolved": "https://registry.npmjs.org/esbuild-dev-server-win32-x32/-/esbuild-dev-server-win32-x32-0.3.0.tgz",
      "integrity": "sha512-RTyBIGayeH1M6HpXMrwXfTllayflp9jingV5SGg1ca6fSlt6Q3HGTBwcfIFgPdS5MsUWaqDF3X3D1NO2lVRJfA==",
      "cpu": [
        "ia32"
      ],
      "dev": true,
      "optional": true,
      "os": [
        "win32"
      ]
    },
    "node_modules/esbuild-dev-server-win32-x64": {
      "version": "0.3.0",
      "resolved": "https://registry.npmjs.org/esbuild-dev-server-win32-x64/-/esbuild-dev-server-win32-x64-0.3.0.tgz",
      "integrity": "sha512-t3SU0rdXbkfBtmrNxeq1IShTyaCDzZg5HIUnVphJT2DUjVsF4ndJk9vJ6JvN/bPCt+XH6SvuAWvdMoUemLu7Bw==",
      "cpu": [
        "x64"
      ],
      "dev": true,
      "optional": true,
      "os": [
        "win32"
      ]
    },
    "node_modules/esbuild-freebsd-64": {
      "version": "0.14.14",
      "resolved": "https://registry.npmjs.org/esbuild-freebsd-64/-/esbuild-freebsd-64-0.14.14.tgz",
      "integrity": "sha512-Q9Rx6sgArOHalQtNwAaIzJ6dnQ8A+I7f/RsQsdkS3JrdzmnlFo8JEVofTmwVQLoIop7OKUqIVOGP4PoQcwfVMA==",
      "cpu": [
        "x64"
      ],
      "optional": true,
      "os": [
        "freebsd"
      ]
    },
    "node_modules/esbuild-freebsd-arm64": {
      "version": "0.14.14",
      "resolved": "https://registry.npmjs.org/esbuild-freebsd-arm64/-/esbuild-freebsd-arm64-0.14.14.tgz",
      "integrity": "sha512-TJvq0OpLM7BkTczlyPIphcvnwrQwQDG1HqxzoYePWn26SMUAlt6wrLnEvxdbXAvNvDLVzG83kA+JimjK7aRNBA==",
      "cpu": [
        "arm64"
      ],
      "optional": true,
      "os": [
        "freebsd"
      ]
    },
    "node_modules/esbuild-linux-32": {
      "version": "0.14.14",
      "resolved": "https://registry.npmjs.org/esbuild-linux-32/-/esbuild-linux-32-0.14.14.tgz",
      "integrity": "sha512-h/CrK9Baimt5VRbu8gqibWV7e1P9l+mkanQgyOgv0Ng3jHT1NVFC9e6rb1zbDdaJVmuhWX5xVliUA5bDDCcJeg==",
      "cpu": [
        "ia32"
      ],
      "optional": true,
      "os": [
        "linux"
      ]
    },
    "node_modules/esbuild-linux-64": {
      "version": "0.14.14",
      "resolved": "https://registry.npmjs.org/esbuild-linux-64/-/esbuild-linux-64-0.14.14.tgz",
      "integrity": "sha512-IC+wAiIg/egp5OhQp4W44D9PcBOH1b621iRn1OXmlLzij9a/6BGr9NMIL4CRwz4j2kp3WNZu5sT473tYdynOuQ==",
      "cpu": [
        "x64"
      ],
      "optional": true,
      "os": [
        "linux"
      ]
    },
    "node_modules/esbuild-linux-arm": {
      "version": "0.14.14",
      "resolved": "https://registry.npmjs.org/esbuild-linux-arm/-/esbuild-linux-arm-0.14.14.tgz",
      "integrity": "sha512-gxpOaHOPwp7zSmcKYsHrtxabScMqaTzfSQioAMUaB047YiMuDBzqVcKBG8OuESrYkGrL9DDljXr/mQNg7pbdaQ==",
      "cpu": [
        "arm"
      ],
      "optional": true,
      "os": [
        "linux"
      ]
    },
    "node_modules/esbuild-linux-arm64": {
      "version": "0.14.14",
      "resolved": "https://registry.npmjs.org/esbuild-linux-arm64/-/esbuild-linux-arm64-0.14.14.tgz",
      "integrity": "sha512-6QVul3RI4M5/VxVIRF/I5F+7BaxzR3DfNGoqEVSCZqUbgzHExPn+LXr5ly1C7af2Kw4AHpo+wDqx8A4ziP9avw==",
      "cpu": [
        "arm64"
      ],
      "optional": true,
      "os": [
        "linux"
      ]
    },
    "node_modules/esbuild-linux-mips64le": {
      "version": "0.14.14",
      "resolved": "https://registry.npmjs.org/esbuild-linux-mips64le/-/esbuild-linux-mips64le-0.14.14.tgz",
      "integrity": "sha512-4Jl5/+xoINKbA4cesH3f4R+q0vltAztZ6Jm8YycS8lNhN1pgZJBDxWfI6HUMIAdkKlIpR1PIkA9aXQgZ8sxFAg==",
      "cpu": [
        "mips64el"
      ],
      "optional": true,
      "os": [
        "linux"
      ]
    },
    "node_modules/esbuild-linux-ppc64le": {
      "version": "0.14.14",
      "resolved": "https://registry.npmjs.org/esbuild-linux-ppc64le/-/esbuild-linux-ppc64le-0.14.14.tgz",
      "integrity": "sha512-BitW37GxeebKxqYNl4SVuSdnIJAzH830Lr6Mkq3pBHXtzQay0vK+IeOR/Ele1GtNVJ+/f8wYM53tcThkv5SC5w==",
      "cpu": [
        "ppc64"
      ],
      "optional": true,
      "os": [
        "linux"
      ]
    },
    "node_modules/esbuild-linux-s390x": {
      "version": "0.14.14",
      "resolved": "https://registry.npmjs.org/esbuild-linux-s390x/-/esbuild-linux-s390x-0.14.14.tgz",
      "integrity": "sha512-vLj6p76HOZG3wfuTr5MyO3qW5iu8YdhUNxuY+tx846rPo7GcKtYSPMusQjeVEfZlJpSYoR+yrNBBxq+qVF9zrw==",
      "cpu": [
        "s390x"
      ],
      "optional": true,
      "os": [
        "linux"
      ]
    },
    "node_modules/esbuild-netbsd-64": {
      "version": "0.14.14",
      "resolved": "https://registry.npmjs.org/esbuild-netbsd-64/-/esbuild-netbsd-64-0.14.14.tgz",
      "integrity": "sha512-fn8looXPQhpVqUyCBWUuPjesH+yGIyfbIQrLKG05rr1Kgm3rZD/gaYrd3Wpmf5syVZx70pKZPvdHp8OTA+y7cQ==",
      "cpu": [
        "x64"
      ],
      "optional": true,
      "os": [
        "netbsd"
      ]
    },
    "node_modules/esbuild-openbsd-64": {
      "version": "0.14.14",
      "resolved": "https://registry.npmjs.org/esbuild-openbsd-64/-/esbuild-openbsd-64-0.14.14.tgz",
      "integrity": "sha512-HdAnJ399pPff3SKbd8g+P4o5znseni5u5n5rJ6Z7ouqOdgbOwHe2ofZbMow17WMdNtz1IyOZk2Wo9Ve6/lZ4Rg==",
      "cpu": [
        "x64"
      ],
      "optional": true,
      "os": [
        "openbsd"
      ]
    },
    "node_modules/esbuild-sunos-64": {
      "version": "0.14.14",
      "resolved": "https://registry.npmjs.org/esbuild-sunos-64/-/esbuild-sunos-64-0.14.14.tgz",
      "integrity": "sha512-bmDHa99ulsGnYlh/xjBEfxoGuC8CEG5OWvlgD+pF7bKKiVTbtxqVCvOGEZeoDXB+ja6AvHIbPxrEE32J+m5nqQ==",
      "cpu": [
        "x64"
      ],
      "optional": true,
      "os": [
        "sunos"
      ]
    },
    "node_modules/esbuild-windows-32": {
      "version": "0.14.14",
      "resolved": "https://registry.npmjs.org/esbuild-windows-32/-/esbuild-windows-32-0.14.14.tgz",
      "integrity": "sha512-6tVooQcxJCNenPp5GHZBs/RLu31q4B+BuF4MEoRxswT+Eq2JGF0ZWDRQwNKB8QVIo3t6Svc5wNGez+CwKNQjBg==",
      "cpu": [
        "ia32"
      ],
      "optional": true,
      "os": [
        "win32"
      ]
    },
    "node_modules/esbuild-windows-64": {
      "version": "0.14.14",
      "resolved": "https://registry.npmjs.org/esbuild-windows-64/-/esbuild-windows-64-0.14.14.tgz",
      "integrity": "sha512-kl3BdPXh0/RD/dad41dtzj2itMUR4C6nQbXQCyYHHo4zoUoeIXhpCrSl7BAW1nv5EFL8stT1V+TQVXGZca5A2A==",
      "cpu": [
        "x64"
      ],
      "optional": true,
      "os": [
        "win32"
      ]
    },
    "node_modules/esbuild-windows-arm64": {
      "version": "0.14.14",
      "resolved": "https://registry.npmjs.org/esbuild-windows-arm64/-/esbuild-windows-arm64-0.14.14.tgz",
      "integrity": "sha512-dCm1wTOm6HIisLanmybvRKvaXZZo4yEVrHh1dY0v582GThXJOzuXGja1HIQgV09RpSHYRL3m4KoUBL00l6SWEg==",
      "cpu": [
        "arm64"
      ],
      "optional": true,
      "os": [
        "win32"
      ]
    },
    "node_modules/eventemitter3": {
      "version": "4.0.7",
      "resolved": "https://registry.npmjs.org/eventemitter3/-/eventemitter3-4.0.7.tgz",
      "integrity": "sha512-8guHBZCwKnFhYdHr2ysuRWErTwhoN2X8XELRlrRwpmfeY2jjuUN4taQMsULKUVo1K4DvZl+0pgfyoysHxvmvEw=="
    },
    "node_modules/handlebars": {
      "version": "4.7.7",
      "resolved": "https://registry.npmjs.org/handlebars/-/handlebars-4.7.7.tgz",
      "integrity": "sha512-aAcXm5OAfE/8IXkcZvCepKU3VzW1/39Fb5ZuqMtgI/hT8X2YgoMvBY5dLhq/cpOvw7Lk1nK/UF71aLG/ZnVYRA==",
      "dependencies": {
        "minimist": "^1.2.5",
        "neo-async": "^2.6.0",
        "source-map": "^0.6.1",
        "wordwrap": "^1.0.0"
      },
      "bin": {
        "handlebars": "bin/handlebars"
      },
      "engines": {
        "node": ">=0.4.7"
      },
      "optionalDependencies": {
        "uglify-js": "^3.1.4"
      }
    },
    "node_modules/inherits": {
      "version": "2.0.3",
      "resolved": "https://registry.npmjs.org/inherits/-/inherits-2.0.3.tgz",
      "integrity": "sha1-Yzwsg+PaQqUC9SRmAiSA9CCCYd4="
    },
    "node_modules/js-yaml": {
      "version": "4.1.0",
      "resolved": "https://registry.npmjs.org/js-yaml/-/js-yaml-4.1.0.tgz",
      "integrity": "sha512-wpxZs9NoxZaJESJGIZTyDEaYpl0FKSA+FB9aJiyemKhMwkxQg63h4T1KJgUGHpTqPDNRcmmYLugrRjJlBtWvRA==",
      "dependencies": {
        "argparse": "^2.0.1"
      },
      "bin": {
        "js-yaml": "bin/js-yaml.js"
      }
    },
    "node_modules/minimist": {
      "version": "1.2.6",
      "resolved": "https://registry.npmjs.org/minimist/-/minimist-1.2.6.tgz",
      "integrity": "sha512-Jsjnk4bw3YJqYzbdyBiNsPWHPfO++UGG749Cxs6peCu5Xg4nrena6OVxOYxrQTqww0Jmwt+Ref8rggumkTLz9Q=="
    },
    "node_modules/neo-async": {
      "version": "2.6.2",
      "resolved": "https://registry.npmjs.org/neo-async/-/neo-async-2.6.2.tgz",
      "integrity": "sha512-Yd3UES5mWCSqR+qNT93S3UoYUkqAZ9lLg8a7g9rimsWmYGK8cVToA4/sF3RrshdyV3sAGMXVUmpMYOw+dLpOuw=="
    },
    "node_modules/papaparse": {
      "version": "5.3.2",
      "resolved": "https://registry.npmjs.org/papaparse/-/papaparse-5.3.2.tgz",
      "integrity": "sha512-6dNZu0Ki+gyV0eBsFKJhYr+MdQYAzFUGlBMNj3GNrmHxmz1lfRa24CjFObPXtjcetlOv5Ad299MhIK0znp3afw=="
    },
    "node_modules/path": {
      "version": "0.12.7",
      "resolved": "https://registry.npmjs.org/path/-/path-0.12.7.tgz",
      "integrity": "sha1-1NwqUGxM4hl+tIHr/NWzbAFAsQ8=",
      "dependencies": {
        "process": "^0.11.1",
        "util": "^0.10.3"
      }
    },
    "node_modules/phaser": {
      "version": "3.55.2",
      "resolved": "https://registry.npmjs.org/phaser/-/phaser-3.55.2.tgz",
      "integrity": "sha512-amKXsbb2Ht29dGPKvt1edq3yGGYKtq8373GpJYGKPNPnneYY6MtVTOgjHDuZwtmUyK4v86FugkT3hzW/N4tjxQ==",
      "dependencies": {
        "eventemitter3": "^4.0.7",
        "path": "^0.12.7"
      }
    },
    "node_modules/phaser3-rex-plugins": {
      "version": "1.1.68",
      "resolved": "https://registry.npmjs.org/phaser3-rex-plugins/-/phaser3-rex-plugins-1.1.68.tgz",
      "integrity": "sha512-E+uXHW/LVIywOu8g1vNBvtVmdYJeIZX6MrQmod8kYSJ5rdu90cCATvB3JdPED9o7lwa6jFmDiXAbVai7tSZovQ==",
      "dependencies": {
        "eventemitter3": "^3.1.2",
        "handlebars": "^4.7.7",
        "js-yaml": "^4.1.0",
        "papaparse": "^5.3.1",
        "webfontloader": "^1.6.28"
      }
    },
    "node_modules/phaser3-rex-plugins/node_modules/eventemitter3": {
      "version": "3.1.2",
      "resolved": "https://registry.npmjs.org/eventemitter3/-/eventemitter3-3.1.2.tgz",
      "integrity": "sha512-tvtQIeLVHjDkJYnzf2dgVMxfuSGJeM/7UCG17TT4EumTfNtF+0nebF/4zWOIkCreAbtNqhGEboB6BWrwqNaw4Q=="
    },
    "node_modules/process": {
      "version": "0.11.10",
      "resolved": "https://registry.npmjs.org/process/-/process-0.11.10.tgz",
      "integrity": "sha1-czIwDoQBYb2j5podHZGn1LwW8YI=",
      "engines": {
        "node": ">= 0.6.0"
      }
    },
    "node_modules/source-map": {
      "version": "0.6.1",
      "resolved": "https://registry.npmjs.org/source-map/-/source-map-0.6.1.tgz",
      "integrity": "sha512-UjgapumWlbMhkBgzT7Ykc5YXUT46F0iKu8SGXq0bcwP5dz/h0Plj6enJqjz1Zbq2l5WaqYnrVbwWOWMyF3F47g==",
      "engines": {
        "node": ">=0.10.0"
      }
    },
    "node_modules/uglify-js": {
      "version": "3.15.3",
      "resolved": "https://registry.npmjs.org/uglify-js/-/uglify-js-3.15.3.tgz",
      "integrity": "sha512-6iCVm2omGJbsu3JWac+p6kUiOpg3wFO2f8lIXjfEb8RrmLjzog1wTPMmwKB7swfzzqxj9YM+sGUM++u1qN4qJg==",
      "optional": true,
      "bin": {
        "uglifyjs": "bin/uglifyjs"
      },
      "engines": {
        "node": ">=0.8.0"
      }
    },
    "node_modules/util": {
      "version": "0.10.4",
      "resolved": "https://registry.npmjs.org/util/-/util-0.10.4.tgz",
      "integrity": "sha512-0Pm9hTQ3se5ll1XihRic3FDIku70C+iHUdT/W926rSgHV5QgXsYbKZN8MSC3tJtSkhuROzvsQjAaFENRXr+19A==",
      "dependencies": {
        "inherits": "2.0.3"
      }
    },
    "node_modules/webfontloader": {
      "version": "1.6.28",
      "resolved": "https://registry.npmjs.org/webfontloader/-/webfontloader-1.6.28.tgz",
      "integrity": "sha1-23hhKSU8tujq5UwvsF+HCvZnW64="
    },
    "node_modules/wordwrap": {
      "version": "1.0.0",
      "resolved": "https://registry.npmjs.org/wordwrap/-/wordwrap-1.0.0.tgz",
      "integrity": "sha1-J1hIEIkUVqQXHI0CJkQa3pDLyus="
    }
  },
  "dependencies": {
    "argparse": {
      "version": "2.0.1",
      "resolved": "https://registry.npmjs.org/argparse/-/argparse-2.0.1.tgz",
      "integrity": "sha512-8+9WqebbFzpX9OR+Wa6O29asIogeRMzcGtAINdpMHHyAg10f05aSFVBbcEqGf/PXw1EjAZ+q2/bEBg3DvurK3Q=="
    },
    "esbuild": {
      "version": "0.14.14",
      "resolved": "https://registry.npmjs.org/esbuild/-/esbuild-0.14.14.tgz",
      "integrity": "sha512-aiK4ddv+uui0k52OqSHu4xxu+SzOim7Rlz4i25pMEiC8rlnGU0HJ9r+ZMfdWL5bzifg+nhnn7x4NSWTeehYblg==",
      "requires": {
        "esbuild-android-arm64": "0.14.14",
        "esbuild-darwin-64": "0.14.14",
        "esbuild-darwin-arm64": "0.14.14",
        "esbuild-freebsd-64": "0.14.14",
        "esbuild-freebsd-arm64": "0.14.14",
        "esbuild-linux-32": "0.14.14",
        "esbuild-linux-64": "0.14.14",
        "esbuild-linux-arm": "0.14.14",
        "esbuild-linux-arm64": "0.14.14",
        "esbuild-linux-mips64le": "0.14.14",
        "esbuild-linux-ppc64le": "0.14.14",
        "esbuild-linux-s390x": "0.14.14",
        "esbuild-netbsd-64": "0.14.14",
        "esbuild-openbsd-64": "0.14.14",
        "esbuild-sunos-64": "0.14.14",
        "esbuild-windows-32": "0.14.14",
        "esbuild-windows-64": "0.14.14",
        "esbuild-windows-arm64": "0.14.14"
      }
    },
    "esbuild-android-arm64": {
      "version": "0.14.14",
      "resolved": "https://registry.npmjs.org/esbuild-android-arm64/-/esbuild-android-arm64-0.14.14.tgz",
      "integrity": "sha512-be/Uw6DdpQiPfula1J4bdmA+wtZ6T3BRCZsDMFB5X+k0Gp8TIh9UvmAcqvKNnbRAafSaXG3jPCeXxDKqnc8hFQ==",
      "optional": true
    },
    "esbuild-darwin-64": {
      "version": "0.14.14",
      "resolved": "https://registry.npmjs.org/esbuild-darwin-64/-/esbuild-darwin-64-0.14.14.tgz",
      "integrity": "sha512-BEexYmjWafcISK8cT6O98E3TfcLuZL8DKuubry6G54n2+bD4GkoRD6HYUOnCkfl2p7jodA+s4369IjSFSWjtHg==",
      "optional": true
    },
    "esbuild-darwin-arm64": {
      "version": "0.14.14",
      "resolved": "https://registry.npmjs.org/esbuild-darwin-arm64/-/esbuild-darwin-arm64-0.14.14.tgz",
      "integrity": "sha512-tnBKm41pDOB1GtZ8q/w26gZlLLRzVmP8fdsduYjvM+yFD7E2DLG4KbPAqFMWm4Md9B+DitBglP57FY7AznxbTg==",
      "optional": true
    },
    "esbuild-dev-server": {
      "version": "0.3.0",
      "resolved": "https://registry.npmjs.org/esbuild-dev-server/-/esbuild-dev-server-0.3.0.tgz",
      "integrity": "sha512-2oYnryt+Yoqx6iADcuJ5/tC3/xptZf+x5sCus86VkUrjq0gny9nx7oL/eUkopxNIjygIm2SYGysQOdyAx3I7qQ==",
      "dev": true,
      "requires": {
        "esbuild-dev-server-darwin-arm64": "0.3.0",
        "esbuild-dev-server-darwin-x64": "0.3.0",
        "esbuild-dev-server-linux-arm": "0.3.0",
        "esbuild-dev-server-linux-arm64": "0.3.0",
        "esbuild-dev-server-linux-x32": "0.3.0",
        "esbuild-dev-server-linux-x64": "0.3.0",
        "esbuild-dev-server-win32-arm64": "0.3.0",
        "esbuild-dev-server-win32-x32": "0.3.0",
        "esbuild-dev-server-win32-x64": "0.3.0"
      }
    },
    "esbuild-dev-server-darwin-arm64": {
      "version": "0.3.0",
      "resolved": "https://registry.npmjs.org/esbuild-dev-server-darwin-arm64/-/esbuild-dev-server-darwin-arm64-0.3.0.tgz",
      "integrity": "sha512-HvKg1JfBhooY/pR60LaXkV2b1Pf2sWjjVn8lLCzxOMPh/DT28y3m/CmktT8Xdi7AUsvdh+7IGTzQwR/jZ1bYNw==",
      "dev": true,
      "optional": true
    },
    "esbuild-dev-server-darwin-x64": {
      "version": "0.3.0",
      "resolved": "https://registry.npmjs.org/esbuild-dev-server-darwin-x64/-/esbuild-dev-server-darwin-x64-0.3.0.tgz",
      "integrity": "sha512-QKph7OPuZZyyEK7Ehvvdqik2jm8iipBGTOjNsA3RgA6r6tQbqChA0ICkKQlLG6U2IUMj/eqc6ZGk/fdDJgckPw==",
      "dev": true,
      "optional": true
    },
    "esbuild-dev-server-linux-arm": {
      "version": "0.3.0",
      "resolved": "https://registry.npmjs.org/esbuild-dev-server-linux-arm/-/esbuild-dev-server-linux-arm-0.3.0.tgz",
      "integrity": "sha512-OdtPE5SkukZ1DYvA2l/ZjPY79Qj4Wjk93EO5aYWQRcZoeQgt//Nrll3hV144ObP32s4it/dGVkE3yiyaxeJ8gg==",
      "dev": true,
      "optional": true
    },
    "esbuild-dev-server-linux-arm64": {
      "version": "0.3.0",
      "resolved": "https://registry.npmjs.org/esbuild-dev-server-linux-arm64/-/esbuild-dev-server-linux-arm64-0.3.0.tgz",
      "integrity": "sha512-4sZG6oDyLaS/Jo2Kdsh/Z7OPsmvxXgFu1umaJOyCkJ27WAY+l7LBbPiDRIV1ANIEce/puQ9nU3qTCWRYoSQiWA==",
      "dev": true,
      "optional": true
    },
    "esbuild-dev-server-linux-x32": {
      "version": "0.3.0",
      "resolved": "https://registry.npmjs.org/esbuild-dev-server-linux-x32/-/esbuild-dev-server-linux-x32-0.3.0.tgz",
      "integrity": "sha512-zvIKHcEpNs8G2F1HPkB13e9B0aE1ccY5KU4jCbBTKrZCvp1k4cgjuQI6E9wQUdmS5KFq5dvOteidqF9agddZFg==",
      "dev": true,
      "optional": true
    },
    "esbuild-dev-server-linux-x64": {
      "version": "0.3.0",
      "resolved": "https://registry.npmjs.org/esbuild-dev-server-linux-x64/-/esbuild-dev-server-linux-x64-0.3.0.tgz",
      "integrity": "sha512-aweybli47+13S8Y1KdAHkkHCbEr4EDKzGCuAHlU1BAeeCaarBjPnldvKPUuHRKzUTYTnAXXnbni9OFJCh0C9OA==",
      "dev": true,
      "optional": true
    },
    "esbuild-dev-server-win32-arm64": {
      "version": "0.3.0",
      "resolved": "https://registry.npmjs.org/esbuild-dev-server-win32-arm64/-/esbuild-dev-server-win32-arm64-0.3.0.tgz",
      "integrity": "sha512-BVcg9b1lXIJg7uftFJWfX2r93RYZndK6AqsMurjoc+l7QU4B0Cc+X9Z2xxMYyDlWH95YF+CckE8Hu5mXlbV7Rw==",
      "dev": true,
      "optional": true
    },
    "esbuild-dev-server-win32-x32": {
      "version": "0.3.0",
      "resolved": "https://registry.npmjs.org/esbuild-dev-server-win32-x32/-/esbuild-dev-server-win32-x32-0.3.0.tgz",
      "integrity": "sha512-RTyBIGayeH1M6HpXMrwXfTllayflp9jingV5SGg1ca6fSlt6Q3HGTBwcfIFgPdS5MsUWaqDF3X3D1NO2lVRJfA==",
      "dev": true,
      "optional": true
    },
    "esbuild-dev-server-win32-x64": {
      "version": "0.3.0",
      "resolved": "https://registry.npmjs.org/esbuild-dev-server-win32-x64/-/esbuild-dev-server-win32-x64-0.3.0.tgz",
      "integrity": "sha512-t3SU0rdXbkfBtmrNxeq1IShTyaCDzZg5HIUnVphJT2DUjVsF4ndJk9vJ6JvN/bPCt+XH6SvuAWvdMoUemLu7Bw==",
      "dev": true,
      "optional": true
    },
    "esbuild-freebsd-64": {
      "version": "0.14.14",
      "resolved": "https://registry.npmjs.org/esbuild-freebsd-64/-/esbuild-freebsd-64-0.14.14.tgz",
      "integrity": "sha512-Q9Rx6sgArOHalQtNwAaIzJ6dnQ8A+I7f/RsQsdkS3JrdzmnlFo8JEVofTmwVQLoIop7OKUqIVOGP4PoQcwfVMA==",
      "optional": true
    },
    "esbuild-freebsd-arm64": {
      "version": "0.14.14",
      "resolved": "https://registry.npmjs.org/esbuild-freebsd-arm64/-/esbuild-freebsd-arm64-0.14.14.tgz",
      "integrity": "sha512-TJvq0OpLM7BkTczlyPIphcvnwrQwQDG1HqxzoYePWn26SMUAlt6wrLnEvxdbXAvNvDLVzG83kA+JimjK7aRNBA==",
      "optional": true
    },
    "esbuild-linux-32": {
      "version": "0.14.14",
      "resolved": "https://registry.npmjs.org/esbuild-linux-32/-/esbuild-linux-32-0.14.14.tgz",
      "integrity": "sha512-h/CrK9Baimt5VRbu8gqibWV7e1P9l+mkanQgyOgv0Ng3jHT1NVFC9e6rb1zbDdaJVmuhWX5xVliUA5bDDCcJeg==",
      "optional": true
    },
    "esbuild-linux-64": {
      "version": "0.14.14",
      "resolved": "https://registry.npmjs.org/esbuild-linux-64/-/esbuild-linux-64-0.14.14.tgz",
      "integrity": "sha512-IC+wAiIg/egp5OhQp4W44D9PcBOH1b621iRn1OXmlLzij9a/6BGr9NMIL4CRwz4j2kp3WNZu5sT473tYdynOuQ==",
      "optional": true
    },
    "esbuild-linux-arm": {
      "version": "0.14.14",
      "resolved": "https://registry.npmjs.org/esbuild-linux-arm/-/esbuild-linux-arm-0.14.14.tgz",
      "integrity": "sha512-gxpOaHOPwp7zSmcKYsHrtxabScMqaTzfSQioAMUaB047YiMuDBzqVcKBG8OuESrYkGrL9DDljXr/mQNg7pbdaQ==",
      "optional": true
    },
    "esbuild-linux-arm64": {
      "version": "0.14.14",
      "resolved": "https://registry.npmjs.org/esbuild-linux-arm64/-/esbuild-linux-arm64-0.14.14.tgz",
      "integrity": "sha512-6QVul3RI4M5/VxVIRF/I5F+7BaxzR3DfNGoqEVSCZqUbgzHExPn+LXr5ly1C7af2Kw4AHpo+wDqx8A4ziP9avw==",
      "optional": true
    },
    "esbuild-linux-mips64le": {
      "version": "0.14.14",
      "resolved": "https://registry.npmjs.org/esbuild-linux-mips64le/-/esbuild-linux-mips64le-0.14.14.tgz",
      "integrity": "sha512-4Jl5/+xoINKbA4cesH3f4R+q0vltAztZ6Jm8YycS8lNhN1pgZJBDxWfI6HUMIAdkKlIpR1PIkA9aXQgZ8sxFAg==",
      "optional": true
    },
    "esbuild-linux-ppc64le": {
      "version": "0.14.14",
      "resolved": "https://registry.npmjs.org/esbuild-linux-ppc64le/-/esbuild-linux-ppc64le-0.14.14.tgz",
      "integrity": "sha512-BitW37GxeebKxqYNl4SVuSdnIJAzH830Lr6Mkq3pBHXtzQay0vK+IeOR/Ele1GtNVJ+/f8wYM53tcThkv5SC5w==",
      "optional": true
    },
    "esbuild-linux-s390x": {
      "version": "0.14.14",
      "resolved": "https://registry.npmjs.org/esbuild-linux-s390x/-/esbuild-linux-s390x-0.14.14.tgz",
      "integrity": "sha512-vLj6p76HOZG3wfuTr5MyO3qW5iu8YdhUNxuY+tx846rPo7GcKtYSPMusQjeVEfZlJpSYoR+yrNBBxq+qVF9zrw==",
      "optional": true
    },
    "esbuild-netbsd-64": {
      "version": "0.14.14",
      "resolved": "https://registry.npmjs.org/esbuild-netbsd-64/-/esbuild-netbsd-64-0.14.14.tgz",
      "integrity": "sha512-fn8looXPQhpVqUyCBWUuPjesH+yGIyfbIQrLKG05rr1Kgm3rZD/gaYrd3Wpmf5syVZx70pKZPvdHp8OTA+y7cQ==",
      "optional": true
    },
    "esbuild-openbsd-64": {
      "version": "0.14.14",
      "resolved": "https://registry.npmjs.org/esbuild-openbsd-64/-/esbuild-openbsd-64-0.14.14.tgz",
      "integrity": "sha512-HdAnJ399pPff3SKbd8g+P4o5znseni5u5n5rJ6Z7ouqOdgbOwHe2ofZbMow17WMdNtz1IyOZk2Wo9Ve6/lZ4Rg==",
      "optional": true
    },
    "esbuild-sunos-64": {
      "version": "0.14.14",
      "resolved": "https://registry.npmjs.org/esbuild-sunos-64/-/esbuild-sunos-64-0.14.14.tgz",
      "integrity": "sha512-bmDHa99ulsGnYlh/xjBEfxoGuC8CEG5OWvlgD+pF7bKKiVTbtxqVCvOGEZeoDXB+ja6AvHIbPxrEE32J+m5nqQ==",
      "optional": true
    },
    "esbuild-windows-32": {
      "version": "0.14.14",
      "resolved": "https://registry.npmjs.org/esbuild-windows-32/-/esbuild-windows-32-0.14.14.tgz",
      "integrity": "sha512-6tVooQcxJCNenPp5GHZBs/RLu31q4B+BuF4MEoRxswT+Eq2JGF0ZWDRQwNKB8QVIo3t6Svc5wNGez+CwKNQjBg==",
      "optional": true
    },
    "esbuild-windows-64": {
      "version": "0.14.14",
      "resolved": "https://registry.npmjs.org/esbuild-windows-64/-/esbuild-windows-64-0.14.14.tgz",
      "integrity": "sha512-kl3BdPXh0/RD/dad41dtzj2itMUR4C6nQbXQCyYHHo4zoUoeIXhpCrSl7BAW1nv5EFL8stT1V+TQVXGZca5A2A==",
      "optional": true
    },
    "esbuild-windows-arm64": {
      "version": "0.14.14",
      "resolved": "https://registry.npmjs.org/esbuild-windows-arm64/-/esbuild-windows-arm64-0.14.14.tgz",
      "integrity": "sha512-dCm1wTOm6HIisLanmybvRKvaXZZo4yEVrHh1dY0v582GThXJOzuXGja1HIQgV09RpSHYRL3m4KoUBL00l6SWEg==",
      "optional": true
    },
    "eventemitter3": {
      "version": "4.0.7",
      "resolved": "https://registry.npmjs.org/eventemitter3/-/eventemitter3-4.0.7.tgz",
      "integrity": "sha512-8guHBZCwKnFhYdHr2ysuRWErTwhoN2X8XELRlrRwpmfeY2jjuUN4taQMsULKUVo1K4DvZl+0pgfyoysHxvmvEw=="
    },
    "handlebars": {
      "version": "4.7.7",
      "resolved": "https://registry.npmjs.org/handlebars/-/handlebars-4.7.7.tgz",
      "integrity": "sha512-aAcXm5OAfE/8IXkcZvCepKU3VzW1/39Fb5ZuqMtgI/hT8X2YgoMvBY5dLhq/cpOvw7Lk1nK/UF71aLG/ZnVYRA==",
      "requires": {
        "minimist": "^1.2.5",
        "neo-async": "^2.6.0",
        "source-map": "^0.6.1",
        "uglify-js": "^3.1.4",
        "wordwrap": "^1.0.0"
      }
    },
    "inherits": {
      "version": "2.0.3",
      "resolved": "https://registry.npmjs.org/inherits/-/inherits-2.0.3.tgz",
      "integrity": "sha1-Yzwsg+PaQqUC9SRmAiSA9CCCYd4="
    },
    "js-yaml": {
      "version": "4.1.0",
      "resolved": "https://registry.npmjs.org/js-yaml/-/js-yaml-4.1.0.tgz",
      "integrity": "sha512-wpxZs9NoxZaJESJGIZTyDEaYpl0FKSA+FB9aJiyemKhMwkxQg63h4T1KJgUGHpTqPDNRcmmYLugrRjJlBtWvRA==",
      "requires": {
        "argparse": "^2.0.1"
      }
    },
    "minimist": {
      "version": "1.2.6",
      "resolved": "https://registry.npmjs.org/minimist/-/minimist-1.2.6.tgz",
      "integrity": "sha512-Jsjnk4bw3YJqYzbdyBiNsPWHPfO++UGG749Cxs6peCu5Xg4nrena6OVxOYxrQTqww0Jmwt+Ref8rggumkTLz9Q=="
    },
    "neo-async": {
      "version": "2.6.2",
      "resolved": "https://registry.npmjs.org/neo-async/-/neo-async-2.6.2.tgz",
      "integrity": "sha512-Yd3UES5mWCSqR+qNT93S3UoYUkqAZ9lLg8a7g9rimsWmYGK8cVToA4/sF3RrshdyV3sAGMXVUmpMYOw+dLpOuw=="
    },
    "papaparse": {
      "version": "5.3.2",
      "resolved": "https://registry.npmjs.org/papaparse/-/papaparse-5.3.2.tgz",
      "integrity": "sha512-6dNZu0Ki+gyV0eBsFKJhYr+MdQYAzFUGlBMNj3GNrmHxmz1lfRa24CjFObPXtjcetlOv5Ad299MhIK0znp3afw=="
    },
    "path": {
      "version": "0.12.7",
      "resolved": "https://registry.npmjs.org/path/-/path-0.12.7.tgz",
      "integrity": "sha1-1NwqUGxM4hl+tIHr/NWzbAFAsQ8=",
      "requires": {
        "process": "^0.11.1",
        "util": "^0.10.3"
      }
    },
    "phaser": {
      "version": "3.55.2",
      "resolved": "https://registry.npmjs.org/phaser/-/phaser-3.55.2.tgz",
      "integrity": "sha512-amKXsbb2Ht29dGPKvt1edq3yGGYKtq8373GpJYGKPNPnneYY6MtVTOgjHDuZwtmUyK4v86FugkT3hzW/N4tjxQ==",
      "requires": {
        "eventemitter3": "^4.0.7",
        "path": "^0.12.7"
      }
    },
    "phaser3-rex-plugins": {
      "version": "1.1.68",
      "resolved": "https://registry.npmjs.org/phaser3-rex-plugins/-/phaser3-rex-plugins-1.1.68.tgz",
      "integrity": "sha512-E+uXHW/LVIywOu8g1vNBvtVmdYJeIZX6MrQmod8kYSJ5rdu90cCATvB3JdPED9o7lwa6jFmDiXAbVai7tSZovQ==",
      "requires": {
        "eventemitter3": "^3.1.2",
        "handlebars": "^4.7.7",
        "js-yaml": "^4.1.0",
        "papaparse": "^5.3.1",
        "webfontloader": "^1.6.28"
      },
      "dependencies": {
        "eventemitter3": {
          "version": "3.1.2",
          "resolved": "https://registry.npmjs.org/eventemitter3/-/eventemitter3-3.1.2.tgz",
          "integrity": "sha512-tvtQIeLVHjDkJYnzf2dgVMxfuSGJeM/7UCG17TT4EumTfNtF+0nebF/4zWOIkCreAbtNqhGEboB6BWrwqNaw4Q=="
        }
      }
    },
    "process": {
      "version": "0.11.10",
      "resolved": "https://registry.npmjs.org/process/-/process-0.11.10.tgz",
      "integrity": "sha1-czIwDoQBYb2j5podHZGn1LwW8YI="
    },
    "source-map": {
      "version": "0.6.1",
      "resolved": "https://registry.npmjs.org/source-map/-/source-map-0.6.1.tgz",
      "integrity": "sha512-UjgapumWlbMhkBgzT7Ykc5YXUT46F0iKu8SGXq0bcwP5dz/h0Plj6enJqjz1Zbq2l5WaqYnrVbwWOWMyF3F47g=="
    },
    "uglify-js": {
      "version": "3.15.3",
      "resolved": "https://registry.npmjs.org/uglify-js/-/uglify-js-3.15.3.tgz",
      "integrity": "sha512-6iCVm2omGJbsu3JWac+p6kUiOpg3wFO2f8lIXjfEb8RrmLjzog1wTPMmwKB7swfzzqxj9YM+sGUM++u1qN4qJg==",
      "optional": true
    },
    "util": {
      "version": "0.10.4",
      "resolved": "https://registry.npmjs.org/util/-/util-0.10.4.tgz",
      "integrity": "sha512-0Pm9hTQ3se5ll1XihRic3FDIku70C+iHUdT/W926rSgHV5QgXsYbKZN8MSC3tJtSkhuROzvsQjAaFENRXr+19A==",
      "requires": {
        "inherits": "2.0.3"
      }
    },
    "webfontloader": {
      "version": "1.6.28",
      "resolved": "https://registry.npmjs.org/webfontloader/-/webfontloader-1.6.28.tgz",
      "integrity": "sha1-23hhKSU8tujq5UwvsF+HCvZnW64="
    },
    "wordwrap": {
      "version": "1.0.0",
      "resolved": "https://registry.npmjs.org/wordwrap/-/wordwrap-1.0.0.tgz",
      "integrity": "sha1-J1hIEIkUVqQXHI0CJkQa3pDLyus="
    }
  }
}
